
Microsoft Visual Studio Solution File, Format Version 12.00
# Visual Studio Version 16
VisualStudioVersion = 16.0.29709.97
MinimumVisualStudioVersion = 10.0.40219.1
Project("{FAE04EC0-301F-11D3-BF4B-00C04F79EFBC}") = "UnitTestProject", "UnitTestProject\UnitTestProject.csproj", "{FFE36A7F-3D7A-4F59-AF30-DCE641B34A79}"
EndProject
Project("{FAE04EC0-301F-11D3-BF4B-00C04F79EFBC}") = "UnitTestProject.Tests", "UnitTestProject.Tests\UnitTestProject.Tests.csproj", "{7B19602B-F558-41ED-B7DF-2DBBFD06C1D1}"
EndProject
Global
	GlobalSection(SolutionConfigurationPlatforms) = preSolution
		Debug|Any CPU = Debug|Any CPU
		Release|Any CPU = Release|Any CPU
	EndGlobalSection
	GlobalSection(ProjectConfigurationPlatforms) = postSolution
		{FFE36A7F-3D7A-4F59-AF30-DCE641B34A79}.Debug|Any CPU.ActiveCfg = Debug|Any CPU
		{FFE36A7F-3D7A-4F59-AF30-DCE641B34A79}.Debug|Any CPU.Build.0 = Debug|Any CPU
		{FFE36A7F-3D7A-4F59-AF30-DCE641B34A79}.Release|Any CPU.ActiveCfg = Release|Any CPU
		{FFE36A7F-3D7A-4F59-AF30-DCE641B34A79}.Release|Any CPU.Build.0 = Release|Any CPU
		{7B19602B-F558-41ED-B7DF-2DBBFD06C1D1}.Debug|Any CPU.ActiveCfg = Debug|Any CPU
		{7B19602B-F558-41ED-B7DF-2DBBFD06C1D1}.Debug|Any CPU.Build.0 = Debug|Any CPU
		{7B19602B-F558-41ED-B7DF-2DBBFD06C1D1}.Release|Any CPU.ActiveCfg = Release|Any CPU
		{7B19602B-F558-41ED-B7DF-2DBBFD06C1D1}.Release|Any CPU.Build.0 = Release|Any CPU
	EndGlobalSection
	GlobalSection(SolutionProperties) = preSolution
		HideSolutionNode = FALSE
	EndGlobalSection
	GlobalSection(ExtensibilityGlobals) = postSolution
		SolutionGuid = {7F6F39A3-0D21-43D0-98EB-63233DE29672}
	EndGlobalSection
EndGlobal
